
Microsoft Visual Studio Solution File, Format Version 12.00
# Visual Studio Version 17
VisualStudioVersion = 17.3.32929.385
MinimumVisualStudioVersion = 10.0.40219.1
Project("{9A19103F-16F7-4668-BE54-9A1E7A4F7556}") = "ParseFormsApp", "JSONParse\ParseFormsApp.csproj", "{522F028F-5096-440D-9A82-1536C5778D62}"
EndProject
Project("{9A19103F-16F7-4668-BE54-9A1E7A4F7556}") = "Parsing", "JSONParseClass\Parsing.csproj", "{52DC80FA-6476-44A4-BF3F-07DE919C2AF7}"
EndProject
Global
	GlobalSection(SolutionConfigurationPlatforms) = preSolution
		Debug|Any CPU = Debug|Any CPU
		Release|Any CPU = Release|Any CPU
	EndGlobalSection
	GlobalSection(ProjectConfigurationPlatforms) = postSolution
		{522F028F-5096-440D-9A82-1536C5778D62}.Debug|Any CPU.ActiveCfg = Debug|Any CPU
		{522F028F-5096-440D-9A82-1536C5778D62}.Debug|Any CPU.Build.0 = Debug|Any CPU
		{522F028F-5096-440D-9A82-1536C5778D62}.Release|Any CPU.ActiveCfg = Release|Any CPU
		{522F028F-5096-440D-9A82-1536C5778D62}.Release|Any CPU.Build.0 = Release|Any CPU
		{52DC80FA-6476-44A4-BF3F-07DE919C2AF7}.Debug|Any CPU.ActiveCfg = Debug|Any CPU
		{52DC80FA-6476-44A4-BF3F-07DE919C2AF7}.Debug|Any CPU.Build.0 = Debug|Any CPU
		{52DC80FA-6476-44A4-BF3F-07DE919C2AF7}.Release|Any CPU.ActiveCfg = Release|Any CPU
		{52DC80FA-6476-44A4-BF3F-07DE919C2AF7}.Release|Any CPU.Build.0 = Release|Any CPU
	EndGlobalSection
	GlobalSection(SolutionProperties) = preSolution
		HideSolutionNode = FALSE
	EndGlobalSection
	GlobalSection(ExtensibilityGlobals) = postSolution
		SolutionGuid = {ECEA1722-BD9F-4BF0-8237-2124C4B486BB}
	EndGlobalSection
EndGlobal
